// !$*UTF8*$!
{
	archiveVersion = 1;
	classes = {
	};
	objectVersion = 50;
	objects = {

/* Begin PBXBuildFile section */
		45DB011B25FF6CCF00829041 /* SolidarityApp.swift in Sources */ = {isa = PBXBuildFile; fileRef = 45DB011A25FF6CCF00829041 /* SolidarityApp.swift */; };
		45DB011D25FF6CCF00829041 /* ContentView.swift in Sources */ = {isa = PBXBuildFile; fileRef = 45DB011C25FF6CCF00829041 /* ContentView.swift */; };
		45DB011F25FF6CD200829041 /* Assets.xcassets in Resources */ = {isa = PBXBuildFile; fileRef = 45DB011E25FF6CD200829041 /* Assets.xcassets */; };
		45DB012225FF6CD200829041 /* Preview Assets.xcassets in Resources */ = {isa = PBXBuildFile; fileRef = 45DB012125FF6CD200829041 /* Preview Assets.xcassets */; };
		45DB013725FF73FE00829041 /* DemandesView.swift in Sources */ = {isa = PBXBuildFile; fileRef = 45DB013625FF73FE00829041 /* DemandesView.swift */; };
		45DB013A25FF74FF00829041 /* AnnonceModel.swift in Sources */ = {isa = PBXBuildFile; fileRef = 45DB013925FF74FF00829041 /* AnnonceModel.swift */; };
		45DB013D25FF754C00829041 /* AnnonceDetailsView.swift in Sources */ = {isa = PBXBuildFile; fileRef = 45DB013C25FF754C00829041 /* AnnonceDetailsView.swift */; };
		45DB014025FF75FF00829041 /* ProfileModele.swift in Sources */ = {isa = PBXBuildFile; fileRef = 45DB013F25FF75FF00829041 /* ProfileModele.swift */; };
		45DB014725FF765500829041 /* ProfilView.swift in Sources */ = {isa = PBXBuildFile; fileRef = 45DB014625FF765500829041 /* ProfilView.swift */; };
		45DB014A25FF8C8400829041 /* ProfileList.swift in Sources */ = {isa = PBXBuildFile; fileRef = 45DB014925FF8C8400829041 /* ProfileList.swift */; };
		45DB015225FF90AB00829041 /* MessageView.swift in Sources */ = {isa = PBXBuildFile; fileRef = 45DB015125FF90AB00829041 /* MessageView.swift */; };
		45DB015525FF931400829041 /* RedView.swift in Sources */ = {isa = PBXBuildFile; fileRef = 45DB015425FF931400829041 /* RedView.swift */; };
		45DB015825FF95C000829041 /* fon in Resources */ = {isa = PBXBuildFile; fileRef = 45DB015725FF95C000829041 /* fon */; };
		45DB015B25FF95E700829041 /* connexionView.swift in Sources */ = {isa = PBXBuildFile; fileRef = 45DB015A25FF95E700829041 /* connexionView.swift */; };
		45DB018A2600027100829041 /* ConversationModel.swift in Sources */ = {isa = PBXBuildFile; fileRef = 45DB01892600027100829041 /* ConversationModel.swift */; };
		45DB018D260005D100829041 /* ConveersationView.swift in Sources */ = {isa = PBXBuildFile; fileRef = 45DB018C260005D100829041 /* ConveersationView.swift */; };
/* End PBXBuildFile section */

/* Begin PBXFileReference section */
		45DB011725FF6CCF00829041 /* Solidarity.app */ = {isa = PBXFileReference; explicitFileType = wrapper.application; includeInIndex = 0; path = Solidarity.app; sourceTree = BUILT_PRODUCTS_DIR; };
		45DB011A25FF6CCF00829041 /* SolidarityApp.swift */ = {isa = PBXFileReference; lastKnownFileType = sourcecode.swift; path = SolidarityApp.swift; sourceTree = "<group>"; };
		45DB011C25FF6CCF00829041 /* ContentView.swift */ = {isa = PBXFileReference; lastKnownFileType = sourcecode.swift; path = ContentView.swift; sourceTree = "<group>"; };
		45DB011E25FF6CD200829041 /* Assets.xcassets */ = {isa = PBXFileReference; lastKnownFileType = folder.assetcatalog; path = Assets.xcassets; sourceTree = "<group>"; };
		45DB012125FF6CD200829041 /* Preview Assets.xcassets */ = {isa = PBXFileReference; lastKnownFileType = folder.assetcatalog; path = "Preview Assets.xcassets"; sourceTree = "<group>"; };
		45DB012325FF6CD200829041 /* Info.plist */ = {isa = PBXFileReference; lastKnownFileType = text.plist.xml; path = Info.plist; sourceTree = "<group>"; };
		45DB013625FF73FE00829041 /* DemandesView.swift */ = {isa = PBXFileReference; fileEncoding = 4; lastKnownFileType = sourcecode.swift; name = DemandesView.swift; path = ../../fon/DemandesView.swift; sourceTree = "<group>"; };
		45DB013925FF74FF00829041 /* AnnonceModel.swift */ = {isa = PBXFileReference; fileEncoding = 4; lastKnownFileType = sourcecode.swift; name = AnnonceModel.swift; path = ../../fon/AnnonceModel.swift; sourceTree = "<group>"; };
		45DB013C25FF754C00829041 /* AnnonceDetailsView.swift */ = {isa = PBXFileReference; fileEncoding = 4; lastKnownFileType = sourcecode.swift; name = AnnonceDetailsView.swift; path = ../../fon/AnnonceDetailsView.swift; sourceTree = "<group>"; };
		45DB013F25FF75FF00829041 /* ProfileModele.swift */ = {isa = PBXFileReference; fileEncoding = 4; lastKnownFileType = sourcecode.swift; name = ProfileModele.swift; path = ../../fon/ProfileModele.swift; sourceTree = "<group>"; };
		45DB014625FF765500829041 /* ProfilView.swift */ = {isa = PBXFileReference; fileEncoding = 4; lastKnownFileType = sourcecode.swift; name = ProfilView.swift; path = ../../fon/ProfilView.swift; sourceTree = "<group>"; };
		45DB014925FF8C8400829041 /* ProfileList.swift */ = {isa = PBXFileReference; fileEncoding = 4; lastKnownFileType = sourcecode.swift; name = ProfileList.swift; path = ../../../Downloads/ProfileList.swift; sourceTree = "<group>"; };
		45DB015125FF90AB00829041 /* MessageView.swift */ = {isa = PBXFileReference; fileEncoding = 4; lastKnownFileType = sourcecode.swift; name = MessageView.swift; path = ../../../Downloads/MessageView.swift; sourceTree = "<group>"; };
		45DB015425FF931400829041 /* RedView.swift */ = {isa = PBXFileReference; lastKnownFileType = sourcecode.swift; path = RedView.swift; sourceTree = "<group>"; };
		45DB015725FF95C000829041 /* fon */ = {isa = PBXFileReference; lastKnownFileType = folder; name = fon; path = ../../fon; sourceTree = "<group>"; };
		45DB015A25FF95E700829041 /* connexionView.swift */ = {isa = PBXFileReference; fileEncoding = 4; lastKnownFileType = sourcecode.swift; path = connexionView.swift; sourceTree = "<group>"; };
		45DB01892600027100829041 /* ConversationModel.swift */ = {isa = PBXFileReference; lastKnownFileType = sourcecode.swift; path = ConversationModel.swift; sourceTree = "<group>"; };
		45DB018C260005D100829041 /* ConveersationView.swift */ = {isa = PBXFileReference; lastKnownFileType = sourcecode.swift; path = ConveersationView.swift; sourceTree = "<group>"; };
/* End PBXFileReference section */

/* Begin PBXFrameworksBuildPhase section */
		45DB011425FF6CCF00829041 /* Frameworks */ = {
			isa = PBXFrameworksBuildPhase;
			buildActionMask = 2147483647;
			files = (
			);
			runOnlyForDeploymentPostprocessing = 0;
		};
/* End PBXFrameworksBuildPhase section */

/* Begin PBXGroup section */
		45DB010E25FF6CCF00829041 = {
			isa = PBXGroup;
			children = (
				45DB011925FF6CCF00829041 /* Solidarity */,
				45DB011825FF6CCF00829041 /* Products */,
			);
			sourceTree = "<group>";
		};
		45DB011825FF6CCF00829041 /* Products */ = {
			isa = PBXGroup;
			children = (
				45DB011725FF6CCF00829041 /* Solidarity.app */,
			);
			name = Products;
			sourceTree = "<group>";
		};
		45DB011925FF6CCF00829041 /* Solidarity */ = {
			isa = PBXGroup;
			children = (
				45DB011A25FF6CCF00829041 /* SolidarityApp.swift */,
				45DB015A25FF95E700829041 /* connexionView.swift */,
				45DB01892600027100829041 /* ConversationModel.swift */,
				45DB011C25FF6CCF00829041 /* ContentView.swift */,
				45DB015425FF931400829041 /* RedView.swift */,
				45DB015125FF90AB00829041 /* MessageView.swift */,
				45DB018C260005D100829041 /* ConveersationView.swift */,
				45DB014925FF8C8400829041 /* ProfileList.swift */,
				45DB013625FF73FE00829041 /* DemandesView.swift */,
				45DB013C25FF754C00829041 /* AnnonceDetailsView.swift */,
				45DB014625FF765500829041 /* ProfilView.swift */,
				45DB013925FF74FF00829041 /* AnnonceModel.swift */,
				45DB013F25FF75FF00829041 /* ProfileModele.swift */,
				45DB011E25FF6CD200829041 /* Assets.xcassets */,
				45DB012325FF6CD200829041 /* Info.plist */,
				45DB015725FF95C000829041 /* fon */,
				45DB012025FF6CD200829041 /* Preview Content */,
			);
			path = Solidarity;
			sourceTree = "<group>";
		};
		45DB012025FF6CD200829041 /* Preview Content */ = {
			isa = PBXGroup;
			children = (
				45DB012125FF6CD200829041 /* Preview Assets.xcassets */,
			);
			path = "Preview Content";
			sourceTree = "<group>";
		};
/* End PBXGroup section */

/* Begin PBXNativeTarget section */
		45DB011625FF6CCF00829041 /* Solidarity */ = {
			isa = PBXNativeTarget;
			buildConfigurationList = 45DB012625FF6CD200829041 /* Build configuration list for PBXNativeTarget "Solidarity" */;
			buildPhases = (
				45DB011325FF6CCF00829041 /* Sources */,
				45DB011425FF6CCF00829041 /* Frameworks */,
				45DB011525FF6CCF00829041 /* Resources */,
			);
			buildRules = (
			);
			dependencies = (
			);
			name = Solidarity;
			productName = Solidarity;
			productReference = 45DB011725FF6CCF00829041 /* Solidarity.app */;
			productType = "com.apple.product-type.application";
		};
/* End PBXNativeTarget section */

/* Begin PBXProject section */
		45DB010F25FF6CCF00829041 /* Project object */ = {
			isa = PBXProject;
			attributes = {
				LastSwiftUpdateCheck = 1240;
				LastUpgradeCheck = 1240;
				TargetAttributes = {
					45DB011625FF6CCF00829041 = {
						CreatedOnToolsVersion = 12.4;
					};
				};
			};
			buildConfigurationList = 45DB011225FF6CCF00829041 /* Build configuration list for PBXProject "Solidarity" */;
			compatibilityVersion = "Xcode 9.3";
			developmentRegion = en;
			hasScannedForEncodings = 0;
			knownRegions = (
				en,
				Base,
			);
			mainGroup = 45DB010E25FF6CCF00829041;
			productRefGroup = 45DB011825FF6CCF00829041 /* Products */;
			projectDirPath = "";
			projectRoot = "";
			targets = (
				45DB011625FF6CCF00829041 /* Solidarity */,
			);
		};
/* End PBXProject section */

/* Begin PBXResourcesBuildPhase section */
		45DB011525FF6CCF00829041 /* Resources */ = {
			isa = PBXResourcesBuildPhase;
			buildActionMask = 2147483647;
			files = (
				45DB015825FF95C000829041 /* fon in Resources */,
				45DB012225FF6CD200829041 /* Preview Assets.xcassets in Resources */,
				45DB011F25FF6CD200829041 /* Assets.xcassets in Resources */,
			);
			runOnlyForDeploymentPostprocessing = 0;
		};
/* End PBXResourcesBuildPhase section */

/* Begin PBXSourcesBuildPhase section */
		45DB011325FF6CCF00829041 /* Sources */ = {
			isa = PBXSourcesBuildPhase;
			buildActionMask = 2147483647;
			files = (
				45DB013A25FF74FF00829041 /* AnnonceModel.swift in Sources */,
				45DB018D260005D100829041 /* ConveersationView.swift in Sources */,
				45DB014A25FF8C8400829041 /* ProfileList.swift in Sources */,
				45DB015525FF931400829041 /* RedView.swift in Sources */,
				45DB015B25FF95E700829041 /* connexionView.swift in Sources */,
				45DB014725FF765500829041 /* ProfilView.swift in Sources */,
				45DB015225FF90AB00829041 /* MessageView.swift in Sources */,
				45DB011D25FF6CCF00829041 /* ContentView.swift in Sources */,
				45DB013D25FF754C00829041 /* AnnonceDetailsView.swift in Sources */,
				45DB014025FF75FF00829041 /* ProfileModele.swift in Sources */,
				45DB011B25FF6CCF00829041 /* SolidarityApp.swift in Sources */,
				45DB018A2600027100829041 /* ConversationModel.swift in Sources */,
				45DB013725FF73FE00829041 /* DemandesView.swift in Sources */,
			);
			runOnlyForDeploymentPostprocessing = 0;
		};
/* End PBXSourcesBuildPhase section */

/* Begin XCBuildConfiguration section */
		45DB012425FF6CD200829041 /* Debug */ = {
			isa = XCBuildConfiguration;
			buildSettings = {
				ALWAYS_SEARCH_USER_PATHS = NO;
				CLANG_ANALYZER_NONNULL = YES;
				CLANG_ANALYZER_NUMBER_OBJECT_CONVERSION = YES_AGGRESSIVE;
				CLANG_CXX_LANGUAGE_STANDARD = "gnu++14";
				CLANG_CXX_LIBRARY = "libc++";
				CLANG_ENABLE_MODULES = YES;
				CLANG_ENABLE_OBJC_ARC = YES;
				CLANG_ENABLE_OBJC_WEAK = YES;
				CLANG_WARN_BLOCK_CAPTURE_AUTORELEASING = YES;
				CLANG_WARN_BOOL_CONVERSION = YES;
				CLANG_WARN_COMMA = YES;
				CLANG_WARN_CONSTANT_CONVERSION = YES;
				CLANG_WARN_DEPRECATED_OBJC_IMPLEMENTATIONS = YES;
				CLANG_WARN_DIRECT_OBJC_ISA_USAGE = YES_ERROR;
				CLANG_WARN_DOCUMENTATION_COMMENTS = YES;
				CLANG_WARN_EMPTY_BODY = YES;
				CLANG_WARN_ENUM_CONVERSION = YES;
				CLANG_WARN_INFINITE_RECURSION = YES;
				CLANG_WARN_INT_CONVERSION = YES;
				CLANG_WARN_NON_LITERAL_NULL_CONVERSION = YES;
				CLANG_WARN_OBJC_IMPLICIT_RETAIN_SELF = YES;
				CLANG_WARN_OBJC_LITERAL_CONVERSION = YES;
				CLANG_WARN_OBJC_ROOT_CLASS = YES_ERROR;
				CLANG_WARN_QUOTED_INCLUDE_IN_FRAMEWORK_HEADER = YES;
				CLANG_WARN_RANGE_LOOP_ANALYSIS = YES;
				CLANG_WARN_STRICT_PROTOTYPES = YES;
				CLANG_WARN_SUSPICIOUS_MOVE = YES;
				CLANG_WARN_UNGUARDED_AVAILABILITY = YES_AGGRESSIVE;
				CLANG_WARN_UNREACHABLE_CODE = YES;
				CLANG_WARN__DUPLICATE_METHOD_MATCH = YES;
				COPY_PHASE_STRIP = NO;
				DEBUG_INFORMATION_FORMAT = dwarf;
				ENABLE_STRICT_OBJC_MSGSEND = YES;
				ENABLE_TESTABILITY = YES;
				GCC_C_LANGUAGE_STANDARD = gnu11;
				GCC_DYNAMIC_NO_PIC = NO;
				GCC_NO_COMMON_BLOCKS = YES;
				GCC_OPTIMIZATION_LEVEL = 0;
				GCC_PREPROCESSOR_DEFINITIONS = (
					"DEBUG=1",
					"$(inherited)",
				);
				GCC_WARN_64_TO_32_BIT_CONVERSION = YES;
				GCC_WARN_ABOUT_RETURN_TYPE = YES_ERROR;
				GCC_WARN_UNDECLARED_SELECTOR = YES;
				GCC_WARN_UNINITIALIZED_AUTOS = YES_AGGRESSIVE;
				GCC_WARN_UNUSED_FUNCTION = YES;
				GCC_WARN_UNUSED_VARIABLE = YES;
				IPHONEOS_DEPLOYMENT_TARGET = 14.4;
				MTL_ENABLE_DEBUG_INFO = INCLUDE_SOURCE;
				MTL_FAST_MATH = YES;
				ONLY_ACTIVE_ARCH = YES;
				SDKROOT = iphoneos;
				SWIFT_ACTIVE_COMPILATION_CONDITIONS = DEBUG;
				SWIFT_OPTIMIZATION_LEVEL = "-Onone";
			};
			name = Debug;
		};
		45DB012525FF6CD200829041 /* Release */ = {
			isa = XCBuildConfiguration;
			buildSettings = {
				ALWAYS_SEARCH_USER_PATHS = NO;
				CLANG_ANALYZER_NONNULL = YES;
				CLANG_ANALYZER_NUMBER_OBJECT_CONVERSION = YES_AGGRESSIVE;
				CLANG_CXX_LANGUAGE_STANDARD = "gnu++14";
				CLANG_CXX_LIBRARY = "libc++";
				CLANG_ENABLE_MODULES = YES;
				CLANG_ENABLE_OBJC_ARC = YES;
				CLANG_ENABLE_OBJC_WEAK = YES;
				CLANG_WARN_BLOCK_CAPTURE_AUTORELEASING = YES;
				CLANG_WARN_BOOL_CONVERSION = YES;
				CLANG_WARN_COMMA = YES;
				CLANG_WARN_CONSTANT_CONVERSION = YES;
				CLANG_WARN_DEPRECATED_OBJC_IMPLEMENTATIONS = YES;
				CLANG_WARN_DIRECT_OBJC_ISA_USAGE = YES_ERROR;
				CLANG_WARN_DOCUMENTATION_COMMENTS = YES;
				CLANG_WARN_EMPTY_BODY = YES;
				CLANG_WARN_ENUM_CONVERSION = YES;
				CLANG_WARN_INFINITE_RECURSION = YES;
				CLANG_WARN_INT_CONVERSION = YES;
				CLANG_WARN_NON_LITERAL_NULL_CONVERSION = YES;
				CLANG_WARN_OBJC_IMPLICIT_RETAIN_SELF = YES;
				CLANG_WARN_OBJC_LITERAL_CONVERSION = YES;
				CLANG_WARN_OBJC_ROOT_CLASS = YES_ERROR;
				CLANG_WARN_QUOTED_INCLUDE_IN_FRAMEWORK_HEADER = YES;
				CLANG_WARN_RANGE_LOOP_ANALYSIS = YES;
				CLANG_WARN_STRICT_PROTOTYPES = YES;
				CLANG_WARN_SUSPICIOUS_MOVE = YES;
				CLANG_WARN_UNGUARDED_AVAILABILITY = YES_AGGRESSIVE;
				CLANG_WARN_UNREACHABLE_CODE = YES;
				CLANG_WARN__DUPLICATE_METHOD_MATCH = YES;
				COPY_PHASE_STRIP = NO;
				DEBUG_INFORMATION_FORMAT = "dwarf-with-dsym";
				ENABLE_NS_ASSERTIONS = NO;
				ENABLE_STRICT_OBJC_MSGSEND = YES;
				GCC_C_LANGUAGE_STANDARD = gnu11;
				GCC_NO_COMMON_BLOCKS = YES;
				GCC_WARN_64_TO_32_BIT_CONVERSION = YES;
				GCC_WARN_ABOUT_RETURN_TYPE = YES_ERROR;
				GCC_WARN_UNDECLARED_SELECTOR = YES;
				GCC_WARN_UNINITIALIZED_AUTOS = YES_AGGRESSIVE;
				GCC_WARN_UNUSED_FUNCTION = YES;
				GCC_WARN_UNUSED_VARIABLE = YES;
				IPHONEOS_DEPLOYMENT_TARGET = 14.4;
				MTL_ENABLE_DEBUG_INFO = NO;
				MTL_FAST_MATH = YES;
				SDKROOT = iphoneos;
				SWIFT_COMPILATION_MODE = wholemodule;
				SWIFT_OPTIMIZATION_LEVEL = "-O";
				VALIDATE_PRODUCT = YES;
			};
			name = Release;
		};
		45DB012725FF6CD200829041 /* Debug */ = {
			isa = XCBuildConfiguration;
			buildSettings = {
				ASSETCATALOG_COMPILER_APPICON_NAME = AppIcon;
				ASSETCATALOG_COMPILER_GLOBAL_ACCENT_COLOR_NAME = AccentColor;
				CODE_SIGN_STYLE = Automatic;
				DEVELOPMENT_ASSET_PATHS = "\"Solidarity/Preview Content\"";
				ENABLE_PREVIEWS = YES;
				INFOPLIST_FILE = Solidarity/Info.plist;
				IPHONEOS_DEPLOYMENT_TARGET = 14.0;
				LD_RUNPATH_SEARCH_PATHS = (
					"$(inherited)",
					"@executable_path/Frameworks",
				);
				PRODUCT_BUNDLE_IDENTIFIER = "solidarite-.Solidarity";
				PRODUCT_NAME = "$(TARGET_NAME)";
				SWIFT_VERSION = 5.0;
				TARGETED_DEVICE_FAMILY = "1,2";
			};
			name = Debug;
		};
		45DB012825FF6CD200829041 /* Release */ = {
			isa = XCBuildConfiguration;
			buildSettings = {
				ASSETCATALOG_COMPILER_APPICON_NAME = AppIcon;
				ASSETCATALOG_COMPILER_GLOBAL_ACCENT_COLOR_NAME = AccentColor;
				CODE_SIGN_STYLE = Automatic;
				DEVELOPMENT_ASSET_PATHS = "\"Solidarity/Preview Content\"";
				ENABLE_PREVIEWS = YES;
				INFOPLIST_FILE = Solidarity/Info.plist;
				IPHONEOS_DEPLOYMENT_TARGET = 14.0;
				LD_RUNPATH_SEARCH_PATHS = (
					"$(inherited)",
					"@executable_path/Frameworks",
				);
				PRODUCT_BUNDLE_IDENTIFIER = "solidarite-.Solidarity";
				PRODUCT_NAME = "$(TARGET_NAME)";
				SWIFT_VERSION = 5.0;
				TARGETED_DEVICE_FAMILY = "1,2";
			};
			name = Release;
		};
/* End XCBuildConfiguration section */

/* Begin XCConfigurationList section */
		45DB011225FF6CCF00829041 /* Build configuration list for PBXProject "Solidarity" */ = {
			isa = XCConfigurationList;
			buildConfigurations = (
				45DB012425FF6CD200829041 /* Debug */,
				45DB012525FF6CD200829041 /* Release */,
			);
			defaultConfigurationIsVisible = 0;
			defaultConfigurationName = Release;
		};
		45DB012625FF6CD200829041 /* Build configuration list for PBXNativeTarget "Solidarity" */ = {
			isa = XCConfigurationList;
			buildConfigurations = (
				45DB012725FF6CD200829041 /* Debug */,
				45DB012825FF6CD200829041 /* Release */,
			);
			defaultConfigurationIsVisible = 0;
			defaultConfigurationName = Release;
		};
/* End XCConfigurationList section */
	};
	rootObject = 45DB010F25FF6CCF00829041 /* Project object */;
}
